// !$*UTF8*$!
{
	archiveVersion = 1;
	classes = {
	};
	objectVersion = 46;
	objects = {

/* Begin PBXBuildFile section */
		A847EAFB1D48FB940030D6A4 /* csv.swift in Sources */ = {isa = PBXBuildFile; fileRef = A847EAFA1D48FB940030D6A4 /* csv.swift */; };
		A86FB3121D4B730900C35989 /* BioViewController.swift in Sources */ = {isa = PBXBuildFile; fileRef = A86FB3111D4B730900C35989 /* BioViewController.swift */; };
		A86FB3141D4B731500C35989 /* StatViewController.swift in Sources */ = {isa = PBXBuildFile; fileRef = A86FB3131D4B731500C35989 /* StatViewController.swift */; };
		A86FB3161D4B732100C35989 /* MoveViewController.swift in Sources */ = {isa = PBXBuildFile; fileRef = A86FB3151D4B732100C35989 /* MoveViewController.swift */; };
		A89098B81D48F5DF00A1F2BE /* pokemon.csv in Resources */ = {isa = PBXBuildFile; fileRef = A89098B71D48F5DF00A1F2BE /* pokemon.csv */; };
		A89C0BEA1D49ECD70092FB79 /* PokemonDetailViewController.swift in Sources */ = {isa = PBXBuildFile; fileRef = A89C0BE91D49ECD70092FB79 /* PokemonDetailViewController.swift */; };
		A8AF2C021D48B09E00DF8B24 /* detail.mp3 in Resources */ = {isa = PBXBuildFile; fileRef = A8AF2C001D48B09E00DF8B24 /* detail.mp3 */; };
		A8AF2C031D48B09E00DF8B24 /* opening.mp3 in Resources */ = {isa = PBXBuildFile; fileRef = A8AF2C011D48B09E00DF8B24 /* opening.mp3 */; };
		A8AF2C051D48B0C200DF8B24 /* pokemon_solid.ttf in Resources */ = {isa = PBXBuildFile; fileRef = A8AF2C041D48B0C200DF8B24 /* pokemon_solid.ttf */; };
		A8AF2C071D48D94C00DF8B24 /* PokemonCell.swift in Sources */ = {isa = PBXBuildFile; fileRef = A8AF2C061D48D94C00DF8B24 /* PokemonCell.swift */; };
		A8AF2C091D48ECE800DF8B24 /* Pokemon.swift in Sources */ = {isa = PBXBuildFile; fileRef = A8AF2C081D48ECE800DF8B24 /* Pokemon.swift */; };
		A8C109331D488D2B008280FA /* AppDelegate.swift in Sources */ = {isa = PBXBuildFile; fileRef = A8C109321D488D2B008280FA /* AppDelegate.swift */; };
		A8C109351D488D2B008280FA /* ViewController.swift in Sources */ = {isa = PBXBuildFile; fileRef = A8C109341D488D2B008280FA /* ViewController.swift */; };
		A8C109381D488D2B008280FA /* Main.storyboard in Resources */ = {isa = PBXBuildFile; fileRef = A8C109361D488D2B008280FA /* Main.storyboard */; };
		A8C1093A1D488D2B008280FA /* Assets.xcassets in Resources */ = {isa = PBXBuildFile; fileRef = A8C109391D488D2B008280FA /* Assets.xcassets */; };
		A8C1093D1D488D2B008280FA /* LaunchScreen.storyboard in Resources */ = {isa = PBXBuildFile; fileRef = A8C1093B1D488D2B008280FA /* LaunchScreen.storyboard */; };
		FDB341D94D8A4DEB0CEC5868 /* Pods_pokedex.framework in Frameworks */ = {isa = PBXBuildFile; fileRef = 85660FB1A92B6DBCCA2E4C8D /* Pods_pokedex.framework */; };
/* End PBXBuildFile section */

/* Begin PBXFileReference section */
		03391AA7214BBA6CFC018919 /* Pods-pokedex.release.xcconfig */ = {isa = PBXFileReference; includeInIndex = 1; lastKnownFileType = text.xcconfig; name = "Pods-pokedex.release.xcconfig"; path = "Pods/Target Support Files/Pods-pokedex/Pods-pokedex.release.xcconfig"; sourceTree = "<group>"; };
		85660FB1A92B6DBCCA2E4C8D /* Pods_pokedex.framework */ = {isa = PBXFileReference; explicitFileType = wrapper.framework; includeInIndex = 0; path = Pods_pokedex.framework; sourceTree = BUILT_PRODUCTS_DIR; };
		A847EAFA1D48FB940030D6A4 /* csv.swift */ = {isa = PBXFileReference; fileEncoding = 4; lastKnownFileType = sourcecode.swift; path = csv.swift; sourceTree = "<group>"; };
		A86FB3111D4B730900C35989 /* BioViewController.swift */ = {isa = PBXFileReference; fileEncoding = 4; lastKnownFileType = sourcecode.swift; path = BioViewController.swift; sourceTree = "<group>"; };
		A86FB3131D4B731500C35989 /* StatViewController.swift */ = {isa = PBXFileReference; fileEncoding = 4; lastKnownFileType = sourcecode.swift; path = StatViewController.swift; sourceTree = "<group>"; };
		A86FB3151D4B732100C35989 /* MoveViewController.swift */ = {isa = PBXFileReference; fileEncoding = 4; lastKnownFileType = sourcecode.swift; path = MoveViewController.swift; sourceTree = "<group>"; };
		A89098B71D48F5DF00A1F2BE /* pokemon.csv */ = {isa = PBXFileReference; fileEncoding = 4; lastKnownFileType = text; path = pokemon.csv; sourceTree = "<group>"; };
		A89C0BE91D49ECD70092FB79 /* PokemonDetailViewController.swift */ = {isa = PBXFileReference; fileEncoding = 4; lastKnownFileType = sourcecode.swift; path = PokemonDetailViewController.swift; sourceTree = "<group>"; };
		A8AF2C001D48B09E00DF8B24 /* detail.mp3 */ = {isa = PBXFileReference; lastKnownFileType = audio.mp3; path = detail.mp3; sourceTree = "<group>"; };
		A8AF2C011D48B09E00DF8B24 /* opening.mp3 */ = {isa = PBXFileReference; lastKnownFileType = audio.mp3; path = opening.mp3; sourceTree = "<group>"; };
		A8AF2C041D48B0C200DF8B24 /* pokemon_solid.ttf */ = {isa = PBXFileReference; lastKnownFileType = file; path = pokemon_solid.ttf; sourceTree = "<group>"; };
		A8AF2C061D48D94C00DF8B24 /* PokemonCell.swift */ = {isa = PBXFileReference; fileEncoding = 4; lastKnownFileType = sourcecode.swift; path = PokemonCell.swift; sourceTree = "<group>"; };
		A8AF2C081D48ECE800DF8B24 /* Pokemon.swift */ = {isa = PBXFileReference; fileEncoding = 4; lastKnownFileType = sourcecode.swift; path = Pokemon.swift; sourceTree = "<group>"; };
		A8C1092F1D488D2B008280FA /* pokedex.app */ = {isa = PBXFileReference; explicitFileType = wrapper.application; includeInIndex = 0; path = pokedex.app; sourceTree = BUILT_PRODUCTS_DIR; };
		A8C109321D488D2B008280FA /* AppDelegate.swift */ = {isa = PBXFileReference; lastKnownFileType = sourcecode.swift; path = AppDelegate.swift; sourceTree = "<group>"; };
		A8C109341D488D2B008280FA /* ViewController.swift */ = {isa = PBXFileReference; lastKnownFileType = sourcecode.swift; path = ViewController.swift; sourceTree = "<group>"; };
		A8C109371D488D2B008280FA /* Base */ = {isa = PBXFileReference; lastKnownFileType = file.storyboard; name = Base; path = Base.lproj/Main.storyboard; sourceTree = "<group>"; };
		A8C109391D488D2B008280FA /* Assets.xcassets */ = {isa = PBXFileReference; lastKnownFileType = folder.assetcatalog; path = Assets.xcassets; sourceTree = "<group>"; };
		A8C1093C1D488D2B008280FA /* Base */ = {isa = PBXFileReference; lastKnownFileType = file.storyboard; name = Base; path = Base.lproj/LaunchScreen.storyboard; sourceTree = "<group>"; };
		A8C1093E1D488D2B008280FA /* Info.plist */ = {isa = PBXFileReference; lastKnownFileType = text.plist.xml; path = Info.plist; sourceTree = "<group>"; };
		FBD4CDFF639955F202C99EE5 /* Pods-pokedex.debug.xcconfig */ = {isa = PBXFileReference; includeInIndex = 1; lastKnownFileType = text.xcconfig; name = "Pods-pokedex.debug.xcconfig"; path = "Pods/Target Support Files/Pods-pokedex/Pods-pokedex.debug.xcconfig"; sourceTree = "<group>"; };
/* End PBXFileReference section */

/* Begin PBXFrameworksBuildPhase section */
		A8C1092C1D488D2B008280FA /* Frameworks */ = {
			isa = PBXFrameworksBuildPhase;
			buildActionMask = 2147483647;
			files = (
				FDB341D94D8A4DEB0CEC5868 /* Pods_pokedex.framework in Frameworks */,
			);
			runOnlyForDeploymentPostprocessing = 0;
		};
/* End PBXFrameworksBuildPhase section */

/* Begin PBXGroup section */
		4B1B97AB943351C71C692BDE /* Pods */ = {
			isa = PBXGroup;
			children = (
				FBD4CDFF639955F202C99EE5 /* Pods-pokedex.debug.xcconfig */,
				03391AA7214BBA6CFC018919 /* Pods-pokedex.release.xcconfig */,
			);
			name = Pods;
			sourceTree = "<group>";
		};
		A847EAF91D48FB850030D6A4 /* Util */ = {
			isa = PBXGroup;
			children = (
				A847EAFA1D48FB940030D6A4 /* csv.swift */,
			);
			name = Util;
			sourceTree = "<group>";
		};
		A8AF2BFC1D48999700DF8B24 /* Controller */ = {
			isa = PBXGroup;
			children = (
				A8C109341D488D2B008280FA /* ViewController.swift */,
				A89C0BE91D49ECD70092FB79 /* PokemonDetailViewController.swift */,
				A86FB3111D4B730900C35989 /* BioViewController.swift */,
				A86FB3131D4B731500C35989 /* StatViewController.swift */,
				A86FB3151D4B732100C35989 /* MoveViewController.swift */,
			);
			name = Controller;
			sourceTree = "<group>";
		};
		A8AF2BFD1D48999E00DF8B24 /* View */ = {
			isa = PBXGroup;
			children = (
				A8C1093B1D488D2B008280FA /* LaunchScreen.storyboard */,
				A8C109361D488D2B008280FA /* Main.storyboard */,
				A8AF2C061D48D94C00DF8B24 /* PokemonCell.swift */,
			);
			name = View;
			sourceTree = "<group>";
		};
		A8AF2BFE1D4899A300DF8B24 /* Model */ = {
			isa = PBXGroup;
			children = (
				A8AF2C081D48ECE800DF8B24 /* Pokemon.swift */,
			);
			name = Model;
			sourceTree = "<group>";
		};
		A8AF2BFF1D4899B700DF8B24 /* Resources */ = {
			isa = PBXGroup;
			children = (
				A89098B71D48F5DF00A1F2BE /* pokemon.csv */,
				A8AF2C001D48B09E00DF8B24 /* detail.mp3 */,
				A8AF2C011D48B09E00DF8B24 /* opening.mp3 */,
				A8AF2C041D48B0C200DF8B24 /* pokemon_solid.ttf */,
			);
			name = Resources;
			sourceTree = "<group>";
		};
		A8C109261D488D2B008280FA = {
			isa = PBXGroup;
			children = (
				A8C109311D488D2B008280FA /* pokedex */,
				A8C109301D488D2B008280FA /* Products */,
				4B1B97AB943351C71C692BDE /* Pods */,
				EED5C3F7370291ACC5BCFE66 /* Frameworks */,
			);
			sourceTree = "<group>";
		};
		A8C109301D488D2B008280FA /* Products */ = {
			isa = PBXGroup;
			children = (
				A8C1092F1D488D2B008280FA /* pokedex.app */,
			);
			name = Products;
			sourceTree = "<group>";
		};
		A8C109311D488D2B008280FA /* pokedex */ = {
			isa = PBXGroup;
			children = (
				A847EAF91D48FB850030D6A4 /* Util */,
				A8AF2BFF1D4899B700DF8B24 /* Resources */,
				A8AF2BFE1D4899A300DF8B24 /* Model */,
				A8AF2BFD1D48999E00DF8B24 /* View */,
				A8AF2BFC1D48999700DF8B24 /* Controller */,
				A8C109321D488D2B008280FA /* AppDelegate.swift */,
				A8C109391D488D2B008280FA /* Assets.xcassets */,
				A8C1093E1D488D2B008280FA /* Info.plist */,
			);
			path = pokedex;
			sourceTree = "<group>";
		};
		EED5C3F7370291ACC5BCFE66 /* Frameworks */ = {
			isa = PBXGroup;
			children = (
				85660FB1A92B6DBCCA2E4C8D /* Pods_pokedex.framework */,
			);
			name = Frameworks;
			sourceTree = "<group>";
		};
/* End PBXGroup section */

/* Begin PBXNativeTarget section */
		A8C1092E1D488D2B008280FA /* pokedex */ = {
			isa = PBXNativeTarget;
			buildConfigurationList = A8C109411D488D2B008280FA /* Build configuration list for PBXNativeTarget "pokedex" */;
			buildPhases = (
				22737904222B5024A0F121ED /* [CP] Check Pods Manifest.lock */,
				A8C1092B1D488D2B008280FA /* Sources */,
				A8C1092C1D488D2B008280FA /* Frameworks */,
				A8C1092D1D488D2B008280FA /* Resources */,
				ED2B8D4EE6F59AD6980D6AC5 /* [CP] Embed Pods Frameworks */,
				8385F39DBFE861087D2862FD /* [CP] Copy Pods Resources */,
			);
			buildRules = (
			);
			dependencies = (
			);
			name = pokedex;
			productName = pokedex;
			productReference = A8C1092F1D488D2B008280FA /* pokedex.app */;
			productType = "com.apple.product-type.application";
		};
/* End PBXNativeTarget section */

/* Begin PBXProject section */
		A8C109271D488D2B008280FA /* Project object */ = {
			isa = PBXProject;
			attributes = {
				LastSwiftUpdateCheck = 0730;
				LastUpgradeCheck = 0730;
				ORGANIZATIONNAME = "Tsang Ka Kui";
				TargetAttributes = {
					A8C1092E1D488D2B008280FA = {
						CreatedOnToolsVersion = 7.3.1;
					};
				};
			};
			buildConfigurationList = A8C1092A1D488D2B008280FA /* Build configuration list for PBXProject "pokedex" */;
			compatibilityVersion = "Xcode 3.2";
			developmentRegion = English;
			hasScannedForEncodings = 0;
			knownRegions = (
				en,
				Base,
			);
			mainGroup = A8C109261D488D2B008280FA;
			productRefGroup = A8C109301D488D2B008280FA /* Products */;
			projectDirPath = "";
			projectRoot = "";
			targets = (
				A8C1092E1D488D2B008280FA /* pokedex */,
			);
		};
/* End PBXProject section */

/* Begin PBXResourcesBuildPhase section */
		A8C1092D1D488D2B008280FA /* Resources */ = {
			isa = PBXResourcesBuildPhase;
			buildActionMask = 2147483647;
			files = (
				A8C1093D1D488D2B008280FA /* LaunchScreen.storyboard in Resources */,
				A89098B81D48F5DF00A1F2BE /* pokemon.csv in Resources */,
				A8C1093A1D488D2B008280FA /* Assets.xcassets in Resources */,
				A8C109381D488D2B008280FA /* Main.storyboard in Resources */,
				A8AF2C051D48B0C200DF8B24 /* pokemon_solid.ttf in Resources */,
				A8AF2C021D48B09E00DF8B24 /* detail.mp3 in Resources */,
				A8AF2C031D48B09E00DF8B24 /* opening.mp3 in Resources */,
			);
			runOnlyForDeploymentPostprocessing = 0;
		};
/* End PBXResourcesBuildPhase section */

/* Begin PBXShellScriptBuildPhase section */
		22737904222B5024A0F121ED /* [CP] Check Pods Manifest.lock */ = {
			isa = PBXShellScriptBuildPhase;
			buildActionMask = 2147483647;
			files = (
			);
			inputPaths = (
			);
			name = "[CP] Check Pods Manifest.lock";
			outputPaths = (
			);
			runOnlyForDeploymentPostprocessing = 0;
			shellPath = /bin/sh;
			shellScript = "diff \"${PODS_ROOT}/../Podfile.lock\" \"${PODS_ROOT}/Manifest.lock\" > /dev/null\nif [[ $? != 0 ]] ; then\n    cat << EOM\nerror: The sandbox is not in sync with the Podfile.lock. Run 'pod install' or update your CocoaPods installation.\nEOM\n    exit 1\nfi\n";
			showEnvVarsInLog = 0;
		};
		8385F39DBFE861087D2862FD /* [CP] Copy Pods Resources */ = {
			isa = PBXShellScriptBuildPhase;
			buildActionMask = 2147483647;
			files = (
			);
			inputPaths = (
			);
			name = "[CP] Copy Pods Resources";
			outputPaths = (
			);
			runOnlyForDeploymentPostprocessing = 0;
			shellPath = /bin/sh;
			shellScript = "\"${SRCROOT}/Pods/Target Support Files/Pods-pokedex/Pods-pokedex-resources.sh\"\n";
			showEnvVarsInLog = 0;
		};
		ED2B8D4EE6F59AD6980D6AC5 /* [CP] Embed Pods Frameworks */ = {
			isa = PBXShellScriptBuildPhase;
			buildActionMask = 2147483647;
			files = (
			);
			inputPaths = (
			);
			name = "[CP] Embed Pods Frameworks";
			outputPaths = (
			);
			runOnlyForDeploymentPostprocessing = 0;
			shellPath = /bin/sh;
			shellScript = "\"${SRCROOT}/Pods/Target Support Files/Pods-pokedex/Pods-pokedex-frameworks.sh\"\n";
			showEnvVarsInLog = 0;
		};
/* End PBXShellScriptBuildPhase section */

/* Begin PBXSourcesBuildPhase section */
		A8C1092B1D488D2B008280FA /* Sources */ = {
			isa = PBXSourcesBuildPhase;
			buildActionMask = 2147483647;
			files = (
				A86FB3121D4B730900C35989 /* BioViewController.swift in Sources */,
				A8C109351D488D2B008280FA /* ViewController.swift in Sources */,
				A86FB3161D4B732100C35989 /* MoveViewController.swift in Sources */,
				A8AF2C091D48ECE800DF8B24 /* Pokemon.swift in Sources */,
				A8C109331D488D2B008280FA /* AppDelegate.swift in Sources */,
				A8AF2C071D48D94C00DF8B24 /* PokemonCell.swift in Sources */,
				A847EAFB1D48FB940030D6A4 /* csv.swift in Sources */,
				A86FB3141D4B731500C35989 /* StatViewController.swift in Sources */,
				A89C0BEA1D49ECD70092FB79 /* PokemonDetailViewController.swift in Sources */,
			);
			runOnlyForDeploymentPostprocessing = 0;
		};
/* End PBXSourcesBuildPhase section */

/* Begin PBXVariantGroup section */
		A8C109361D488D2B008280FA /* Main.storyboard */ = {
			isa = PBXVariantGroup;
			children = (
				A8C109371D488D2B008280FA /* Base */,
			);
			name = Main.storyboard;
			sourceTree = "<group>";
		};
		A8C1093B1D488D2B008280FA /* LaunchScreen.storyboard */ = {
			isa = PBXVariantGroup;
			children = (
				A8C1093C1D488D2B008280FA /* Base */,
			);
			name = LaunchScreen.storyboard;
			sourceTree = "<group>";
		};
/* End PBXVariantGroup section */

/* Begin XCBuildConfiguration section */
		A8C1093F1D488D2B008280FA /* Debug */ = {
			isa = XCBuildConfiguration;
			buildSettings = {
				ALWAYS_SEARCH_USER_PATHS = NO;
				CLANG_ANALYZER_NONNULL = YES;
				CLANG_CXX_LANGUAGE_STANDARD = "gnu++0x";
				CLANG_CXX_LIBRARY = "libc++";
				CLANG_ENABLE_MODULES = YES;
				CLANG_ENABLE_OBJC_ARC = YES;
				CLANG_WARN_BOOL_CONVERSION = YES;
				CLANG_WARN_CONSTANT_CONVERSION = YES;
				CLANG_WARN_DIRECT_OBJC_ISA_USAGE = YES_ERROR;
				CLANG_WARN_EMPTY_BODY = YES;
				CLANG_WARN_ENUM_CONVERSION = YES;
				CLANG_WARN_INT_CONVERSION = YES;
				CLANG_WARN_OBJC_ROOT_CLASS = YES_ERROR;
				CLANG_WARN_UNREACHABLE_CODE = YES;
				CLANG_WARN__DUPLICATE_METHOD_MATCH = YES;
				"CODE_SIGN_IDENTITY[sdk=iphoneos*]" = "iPhone Developer";
				COPY_PHASE_STRIP = NO;
				DEBUG_INFORMATION_FORMAT = dwarf;
				ENABLE_STRICT_OBJC_MSGSEND = YES;
				ENABLE_TESTABILITY = YES;
				GCC_C_LANGUAGE_STANDARD = gnu99;
				GCC_DYNAMIC_NO_PIC = NO;
				GCC_NO_COMMON_BLOCKS = YES;
				GCC_OPTIMIZATION_LEVEL = 0;
				GCC_PREPROCESSOR_DEFINITIONS = (
					"DEBUG=1",
					"$(inherited)",
				);
				GCC_WARN_64_TO_32_BIT_CONVERSION = YES;
				GCC_WARN_ABOUT_RETURN_TYPE = YES_ERROR;
				GCC_WARN_UNDECLARED_SELECTOR = YES;
				GCC_WARN_UNINITIALIZED_AUTOS = YES_AGGRESSIVE;
				GCC_WARN_UNUSED_FUNCTION = YES;
				GCC_WARN_UNUSED_VARIABLE = YES;
				IPHONEOS_DEPLOYMENT_TARGET = 9.3;
				MTL_ENABLE_DEBUG_INFO = YES;
				ONLY_ACTIVE_ARCH = YES;
				SDKROOT = iphoneos;
				SWIFT_OPTIMIZATION_LEVEL = "-Onone";
			};
			name = Debug;
		};
		A8C109401D488D2B008280FA /* Release */ = {
			isa = XCBuildConfiguration;
			buildSettings = {
				ALWAYS_SEARCH_USER_PATHS = NO;
				CLANG_ANALYZER_NONNULL = YES;
				CLANG_CXX_LANGUAGE_STANDARD = "gnu++0x";
				CLANG_CXX_LIBRARY = "libc++";
				CLANG_ENABLE_MODULES = YES;
				CLANG_ENABLE_OBJC_ARC = YES;
				CLANG_WARN_BOOL_CONVERSION = YES;
				CLANG_WARN_CONSTANT_CONVERSION = YES;
				CLANG_WARN_DIRECT_OBJC_ISA_USAGE = YES_ERROR;
				CLANG_WARN_EMPTY_BODY = YES;
				CLANG_WARN_ENUM_CONVERSION = YES;
				CLANG_WARN_INT_CONVERSION = YES;
				CLANG_WARN_OBJC_ROOT_CLASS = YES_ERROR;
				CLANG_WARN_UNREACHABLE_CODE = YES;
				CLANG_WARN__DUPLICATE_METHOD_MATCH = YES;
				"CODE_SIGN_IDENTITY[sdk=iphoneos*]" = "iPhone Developer";
				COPY_PHASE_STRIP = NO;
				DEBUG_INFORMATION_FORMAT = "dwarf-with-dsym";
				ENABLE_NS_ASSERTIONS = NO;
				ENABLE_STRICT_OBJC_MSGSEND = YES;
				GCC_C_LANGUAGE_STANDARD = gnu99;
				GCC_NO_COMMON_BLOCKS = YES;
				GCC_WARN_64_TO_32_BIT_CONVERSION = YES;
				GCC_WARN_ABOUT_RETURN_TYPE = YES_ERROR;
				GCC_WARN_UNDECLARED_SELECTOR = YES;
				GCC_WARN_UNINITIALIZED_AUTOS = YES_AGGRESSIVE;
				GCC_WARN_UNUSED_FUNCTION = YES;
				GCC_WARN_UNUSED_VARIABLE = YES;
				IPHONEOS_DEPLOYMENT_TARGET = 9.3;
				MTL_ENABLE_DEBUG_INFO = NO;
				SDKROOT = iphoneos;
				VALIDATE_PRODUCT = YES;
			};
			name = Release;
		};
		A8C109421D488D2B008280FA /* Debug */ = {
			isa = XCBuildConfiguration;
			baseConfigurationReference = FBD4CDFF639955F202C99EE5 /* Pods-pokedex.debug.xcconfig */;
			buildSettings = {
				ASSETCATALOG_COMPILER_APPICON_NAME = AppIcon;
				INFOPLIST_FILE = pokedex/Info.plist;
				LD_RUNPATH_SEARCH_PATHS = "$(inherited) @executable_path/Frameworks";
				PRODUCT_BUNDLE_IDENTIFIER = com.kakui.pokedex;
				PRODUCT_NAME = "$(TARGET_NAME)";
			};
			name = Debug;
		};
		A8C109431D488D2B008280FA /* Release */ = {
			isa = XCBuildConfiguration;
			baseConfigurationReference = 03391AA7214BBA6CFC018919 /* Pods-pokedex.release.xcconfig */;
			buildSettings = {
				ASSETCATALOG_COMPILER_APPICON_NAME = AppIcon;
				INFOPLIST_FILE = pokedex/Info.plist;
				LD_RUNPATH_SEARCH_PATHS = "$(inherited) @executable_path/Frameworks";
				PRODUCT_BUNDLE_IDENTIFIER = com.kakui.pokedex;
				PRODUCT_NAME = "$(TARGET_NAME)";
			};
			name = Release;
		};
/* End XCBuildConfiguration section */

/* Begin XCConfigurationList section */
		A8C1092A1D488D2B008280FA /* Build configuration list for PBXProject "pokedex" */ = {
			isa = XCConfigurationList;
			buildConfigurations = (
				A8C1093F1D488D2B008280FA /* Debug */,
				A8C109401D488D2B008280FA /* Release */,
			);
			defaultConfigurationIsVisible = 0;
			defaultConfigurationName = Release;
		};
		A8C109411D488D2B008280FA /* Build configuration list for PBXNativeTarget "pokedex" */ = {
			isa = XCConfigurationList;
			buildConfigurations = (
				A8C109421D488D2B008280FA /* Debug */,
				A8C109431D488D2B008280FA /* Release */,
			);
			defaultConfigurationIsVisible = 0;
			defaultConfigurationName = Release;
		};
/* End XCConfigurationList section */
	};
	rootObject = A8C109271D488D2B008280FA /* Project object */;
}
